// !$*UTF8*$!
{
	archiveVersion = 1;
	classes = {
	};
	objectVersion = 48;
	objects = {

/* Begin PBXBuildFile section */
		D2629537201AA5B400FCD10A /* AppDelegate.swift in Sources */ = {isa = PBXBuildFile; fileRef = D2629536201AA5B400FCD10A /* AppDelegate.swift */; };
		D262953E201AA5B400FCD10A /* Assets.xcassets in Resources */ = {isa = PBXBuildFile; fileRef = D262953D201AA5B400FCD10A /* Assets.xcassets */; };
		D2629541201AA5B400FCD10A /* LaunchScreen.storyboard in Resources */ = {isa = PBXBuildFile; fileRef = D262953F201AA5B400FCD10A /* LaunchScreen.storyboard */; };
		D262954A201AA5DF00FCD10A /* PlaySoundsViewController.swift in Sources */ = {isa = PBXBuildFile; fileRef = D2629548201AA5DE00FCD10A /* PlaySoundsViewController.swift */; };
		D262954B201AA5DF00FCD10A /* RecordSoundViewController.swift in Sources */ = {isa = PBXBuildFile; fileRef = D2629549201AA5DE00FCD10A /* RecordSoundViewController.swift */; };
		D262954D201AA5F800FCD10A /* RecordSounds.storyboard in Resources */ = {isa = PBXBuildFile; fileRef = D262954C201AA5F800FCD10A /* RecordSounds.storyboard */; };
		D2856C30201FDCD3004B3B79 /* PlaySoundsViewController+Audio.swift in Sources */ = {isa = PBXBuildFile; fileRef = D2856C2F201FDCD3004B3B79 /* PlaySoundsViewController+Audio.swift */; };
		D2EFCD1720215B6A00155358 /* RecordSoundViewController+Audio.swift in Sources */ = {isa = PBXBuildFile; fileRef = D2EFCD1620215B6A00155358 /* RecordSoundViewController+Audio.swift */; };
/* End PBXBuildFile section */

/* Begin PBXFileReference section */
		D2629533201AA5B400FCD10A /* PitchPerfect.app */ = {isa = PBXFileReference; explicitFileType = wrapper.application; includeInIndex = 0; path = PitchPerfect.app; sourceTree = BUILT_PRODUCTS_DIR; };
		D2629536201AA5B400FCD10A /* AppDelegate.swift */ = {isa = PBXFileReference; lastKnownFileType = sourcecode.swift; path = AppDelegate.swift; sourceTree = "<group>"; };
		D262953D201AA5B400FCD10A /* Assets.xcassets */ = {isa = PBXFileReference; lastKnownFileType = folder.assetcatalog; path = Assets.xcassets; sourceTree = "<group>"; };
		D2629540201AA5B400FCD10A /* Base */ = {isa = PBXFileReference; lastKnownFileType = file.storyboard; name = Base; path = Base.lproj/LaunchScreen.storyboard; sourceTree = "<group>"; };
		D2629542201AA5B400FCD10A /* Info.plist */ = {isa = PBXFileReference; lastKnownFileType = text.plist.xml; path = Info.plist; sourceTree = "<group>"; };
		D2629548201AA5DE00FCD10A /* PlaySoundsViewController.swift */ = {isa = PBXFileReference; fileEncoding = 4; lastKnownFileType = sourcecode.swift; path = PlaySoundsViewController.swift; sourceTree = "<group>"; };
		D2629549201AA5DE00FCD10A /* RecordSoundViewController.swift */ = {isa = PBXFileReference; fileEncoding = 4; lastKnownFileType = sourcecode.swift; path = RecordSoundViewController.swift; sourceTree = "<group>"; };
		D262954C201AA5F800FCD10A /* RecordSounds.storyboard */ = {isa = PBXFileReference; fileEncoding = 4; lastKnownFileType = file.storyboard; path = RecordSounds.storyboard; sourceTree = "<group>"; };
		D2856C2F201FDCD3004B3B79 /* PlaySoundsViewController+Audio.swift */ = {isa = PBXFileReference; lastKnownFileType = sourcecode.swift; path = "PlaySoundsViewController+Audio.swift"; sourceTree = "<group>"; };
		D2EFCD1620215B6A00155358 /* RecordSoundViewController+Audio.swift */ = {isa = PBXFileReference; lastKnownFileType = sourcecode.swift; path = "RecordSoundViewController+Audio.swift"; sourceTree = "<group>"; };
/* End PBXFileReference section */

/* Begin PBXFrameworksBuildPhase section */
		D2629530201AA5B400FCD10A /* Frameworks */ = {
			isa = PBXFrameworksBuildPhase;
			buildActionMask = 2147483647;
			files = (
			);
			runOnlyForDeploymentPostprocessing = 0;
		};
/* End PBXFrameworksBuildPhase section */

/* Begin PBXGroup section */
		D262952A201AA5B400FCD10A = {
			isa = PBXGroup;
			children = (
				D2629535201AA5B400FCD10A /* PitchPerfect */,
				D2629534201AA5B400FCD10A /* Products */,
			);
			sourceTree = "<group>";
		};
		D2629534201AA5B400FCD10A /* Products */ = {
			isa = PBXGroup;
			children = (
				D2629533201AA5B400FCD10A /* PitchPerfect.app */,
			);
			name = Products;
			sourceTree = "<group>";
		};
		D2629535201AA5B400FCD10A /* PitchPerfect */ = {
			isa = PBXGroup;
			children = (
				D2EFCD1B20215BAF00155358 /* Resources */,
				D2EFCD1A20215B9700155358 /* ViewControllers */,
				D2EFCD1820215B7200155358 /* Extensions */,
				D2629536201AA5B400FCD10A /* AppDelegate.swift */,
				D2629542201AA5B400FCD10A /* Info.plist */,
			);
			path = PitchPerfect;
			sourceTree = "<group>";
		};
		D2EFCD1820215B7200155358 /* Extensions */ = {
			isa = PBXGroup;
			children = (
				D2856C2F201FDCD3004B3B79 /* PlaySoundsViewController+Audio.swift */,
				D2EFCD1620215B6A00155358 /* RecordSoundViewController+Audio.swift */,
			);
			path = Extensions;
			sourceTree = "<group>";
		};
		D2EFCD1A20215B9700155358 /* ViewControllers */ = {
			isa = PBXGroup;
			children = (
				D2629548201AA5DE00FCD10A /* PlaySoundsViewController.swift */,
				D2629549201AA5DE00FCD10A /* RecordSoundViewController.swift */,
			);
			path = ViewControllers;
			sourceTree = "<group>";
		};
		D2EFCD1B20215BAF00155358 /* Resources */ = {
			isa = PBXGroup;
			children = (
				D262953D201AA5B400FCD10A /* Assets.xcassets */,
				D262954C201AA5F800FCD10A /* RecordSounds.storyboard */,
				D262953F201AA5B400FCD10A /* LaunchScreen.storyboard */,
			);
			path = Resources;
			sourceTree = "<group>";
		};
/* End PBXGroup section */

/* Begin PBXNativeTarget section */
		D2629532201AA5B400FCD10A /* PitchPerfect */ = {
			isa = PBXNativeTarget;
			buildConfigurationList = D2629545201AA5B400FCD10A /* Build configuration list for PBXNativeTarget "PitchPerfect" */;
			buildPhases = (
				D262952F201AA5B400FCD10A /* Sources */,
				D2629530201AA5B400FCD10A /* Frameworks */,
				D2629531201AA5B400FCD10A /* Resources */,
			);
			buildRules = (
			);
			dependencies = (
			);
			name = PitchPerfect;
			productName = PitchPerfect;
			productReference = D2629533201AA5B400FCD10A /* PitchPerfect.app */;
			productType = "com.apple.product-type.application";
		};
/* End PBXNativeTarget section */

/* Begin PBXProject section */
		D262952B201AA5B400FCD10A /* Project object */ = {
			isa = PBXProject;
			attributes = {
				LastSwiftUpdateCheck = 0920;
				LastUpgradeCheck = 0920;
				ORGANIZATIONNAME = "Roberth Diorges";
				TargetAttributes = {
					D2629532201AA5B400FCD10A = {
						CreatedOnToolsVersion = 9.2;
						ProvisioningStyle = Automatic;
					};
				};
			};
			buildConfigurationList = D262952E201AA5B400FCD10A /* Build configuration list for PBXProject "PitchPerfect" */;
			compatibilityVersion = "Xcode 8.0";
			developmentRegion = en;
			hasScannedForEncodings = 0;
			knownRegions = (
				en,
				Base,
			);
			mainGroup = D262952A201AA5B400FCD10A;
			productRefGroup = D2629534201AA5B400FCD10A /* Products */;
			projectDirPath = "";
			projectRoot = "";
			targets = (
				D2629532201AA5B400FCD10A /* PitchPerfect */,
			);
		};
/* End PBXProject section */

/* Begin PBXResourcesBuildPhase section */
		D2629531201AA5B400FCD10A /* Resources */ = {
			isa = PBXResourcesBuildPhase;
			buildActionMask = 2147483647;
			files = (
				D2629541201AA5B400FCD10A /* LaunchScreen.storyboard in Resources */,
				D262954D201AA5F800FCD10A /* RecordSounds.storyboard in Resources */,
				D262953E201AA5B400FCD10A /* Assets.xcassets in Resources */,
			);
			runOnlyForDeploymentPostprocessing = 0;
		};
/* End PBXResourcesBuildPhase section */

/* Begin PBXSourcesBuildPhase section */
		D262952F201AA5B400FCD10A /* Sources */ = {
			isa = PBXSourcesBuildPhase;
			buildActionMask = 2147483647;
			files = (
				D262954B201AA5DF00FCD10A /* RecordSoundViewController.swift in Sources */,
				D2856C30201FDCD3004B3B79 /* PlaySoundsViewController+Audio.swift in Sources */,
				D262954A201AA5DF00FCD10A /* PlaySoundsViewController.swift in Sources */,
				D2EFCD1720215B6A00155358 /* RecordSoundViewController+Audio.swift in Sources */,
				D2629537201AA5B400FCD10A /* AppDelegate.swift in Sources */,
			);
			runOnlyForDeploymentPostprocessing = 0;
		};
/* End PBXSourcesBuildPhase section */

/* Begin PBXVariantGroup section */
		D262953F201AA5B400FCD10A /* LaunchScreen.storyboard */ = {
			isa = PBXVariantGroup;
			children = (
				D2629540201AA5B400FCD10A /* Base */,
			);
			name = LaunchScreen.storyboard;
			sourceTree = "<group>";
		};
/* End PBXVariantGroup section */

/* Begin XCBuildConfiguration section */
		D2629543201AA5B400FCD10A /* Debug */ = {
			isa = XCBuildConfiguration;
			buildSettings = {
				ALWAYS_SEARCH_USER_PATHS = NO;
				CLANG_ANALYZER_NONNULL = YES;
				CLANG_ANALYZER_NUMBER_OBJECT_CONVERSION = YES_AGGRESSIVE;
				CLANG_CXX_LANGUAGE_STANDARD = "gnu++14";
				CLANG_CXX_LIBRARY = "libc++";
				CLANG_ENABLE_MODULES = YES;
				CLANG_ENABLE_OBJC_ARC = YES;
				CLANG_WARN_BLOCK_CAPTURE_AUTORELEASING = YES;
				CLANG_WARN_BOOL_CONVERSION = YES;
				CLANG_WARN_COMMA = YES;
				CLANG_WARN_CONSTANT_CONVERSION = YES;
				CLANG_WARN_DIRECT_OBJC_ISA_USAGE = YES_ERROR;
				CLANG_WARN_DOCUMENTATION_COMMENTS = YES;
				CLANG_WARN_EMPTY_BODY = YES;
				CLANG_WARN_ENUM_CONVERSION = YES;
				CLANG_WARN_INFINITE_RECURSION = YES;
				CLANG_WARN_INT_CONVERSION = YES;
				CLANG_WARN_NON_LITERAL_NULL_CONVERSION = YES;
				CLANG_WARN_OBJC_LITERAL_CONVERSION = YES;
				CLANG_WARN_OBJC_ROOT_CLASS = YES_ERROR;
				CLANG_WARN_RANGE_LOOP_ANALYSIS = YES;
				CLANG_WARN_STRICT_PROTOTYPES = YES;
				CLANG_WARN_SUSPICIOUS_MOVE = YES;
				CLANG_WARN_UNGUARDED_AVAILABILITY = YES_AGGRESSIVE;
				CLANG_WARN_UNREACHABLE_CODE = YES;
				CLANG_WARN__DUPLICATE_METHOD_MATCH = YES;
				CODE_SIGN_IDENTITY = "iPhone Developer";
				COPY_PHASE_STRIP = NO;
				DEBUG_INFORMATION_FORMAT = dwarf;
				ENABLE_STRICT_OBJC_MSGSEND = YES;
				ENABLE_TESTABILITY = YES;
				GCC_C_LANGUAGE_STANDARD = gnu11;
				GCC_DYNAMIC_NO_PIC = NO;
				GCC_NO_COMMON_BLOCKS = YES;
				GCC_OPTIMIZATION_LEVEL = 0;
				GCC_PREPROCESSOR_DEFINITIONS = (
					"DEBUG=1",
					"$(inherited)",
				);
				GCC_WARN_64_TO_32_BIT_CONVERSION = YES;
				GCC_WARN_ABOUT_RETURN_TYPE = YES_ERROR;
				GCC_WARN_UNDECLARED_SELECTOR = YES;
				GCC_WARN_UNINITIALIZED_AUTOS = YES_AGGRESSIVE;
				GCC_WARN_UNUSED_FUNCTION = YES;
				GCC_WARN_UNUSED_VARIABLE = YES;
				IPHONEOS_DEPLOYMENT_TARGET = 11.2;
				MTL_ENABLE_DEBUG_INFO = YES;
				ONLY_ACTIVE_ARCH = YES;
				SDKROOT = iphoneos;
				SWIFT_ACTIVE_COMPILATION_CONDITIONS = DEBUG;
				SWIFT_OPTIMIZATION_LEVEL = "-Onone";
			};
			name = Debug;
		};
		D2629544201AA5B400FCD10A /* Release */ = {
			isa = XCBuildConfiguration;
			buildSettings = {
				ALWAYS_SEARCH_USER_PATHS = NO;
				CLANG_ANALYZER_NONNULL = YES;
				CLANG_ANALYZER_NUMBER_OBJECT_CONVERSION = YES_AGGRESSIVE;
				CLANG_CXX_LANGUAGE_STANDARD = "gnu++14";
				CLANG_CXX_LIBRARY = "libc++";
				CLANG_ENABLE_MODULES = YES;
				CLANG_ENABLE_OBJC_ARC = YES;
				CLANG_WARN_BLOCK_CAPTURE_AUTORELEASING = YES;
				CLANG_WARN_BOOL_CONVERSION = YES;
				CLANG_WARN_COMMA = YES;
				CLANG_WARN_CONSTANT_CONVERSION = YES;
				CLANG_WARN_DIRECT_OBJC_ISA_USAGE = YES_ERROR;
				CLANG_WARN_DOCUMENTATION_COMMENTS = YES;
				CLANG_WARN_EMPTY_BODY = YES;
				CLANG_WARN_ENUM_CONVERSION = YES;
				CLANG_WARN_INFINITE_RECURSION = YES;
				CLANG_WARN_INT_CONVERSION = YES;
				CLANG_WARN_NON_LITERAL_NULL_CONVERSION = YES;
				CLANG_WARN_OBJC_LITERAL_CONVERSION = YES;
				CLANG_WARN_OBJC_ROOT_CLASS = YES_ERROR;
				CLANG_WARN_RANGE_LOOP_ANALYSIS = YES;
				CLANG_WARN_STRICT_PROTOTYPES = YES;
				CLANG_WARN_SUSPICIOUS_MOVE = YES;
				CLANG_WARN_UNGUARDED_AVAILABILITY = YES_AGGRESSIVE;
				CLANG_WARN_UNREACHABLE_CODE = YES;
				CLANG_WARN__DUPLICATE_METHOD_MATCH = YES;
				CODE_SIGN_IDENTITY = "iPhone Developer";
				COPY_PHASE_STRIP = NO;
				DEBUG_INFORMATION_FORMAT = "dwarf-with-dsym";
				ENABLE_NS_ASSERTIONS = NO;
				ENABLE_STRICT_OBJC_MSGSEND = YES;
				GCC_C_LANGUAGE_STANDARD = gnu11;
				GCC_NO_COMMON_BLOCKS = YES;
				GCC_WARN_64_TO_32_BIT_CONVERSION = YES;
				GCC_WARN_ABOUT_RETURN_TYPE = YES_ERROR;
				GCC_WARN_UNDECLARED_SELECTOR = YES;
				GCC_WARN_UNINITIALIZED_AUTOS = YES_AGGRESSIVE;
				GCC_WARN_UNUSED_FUNCTION = YES;
				GCC_WARN_UNUSED_VARIABLE = YES;
				IPHONEOS_DEPLOYMENT_TARGET = 11.2;
				MTL_ENABLE_DEBUG_INFO = NO;
				SDKROOT = iphoneos;
				SWIFT_OPTIMIZATION_LEVEL = "-Owholemodule";
				VALIDATE_PRODUCT = YES;
			};
			name = Release;
		};
		D2629546201AA5B400FCD10A /* Debug */ = {
			isa = XCBuildConfiguration;
			buildSettings = {
				ASSETCATALOG_COMPILER_APPICON_NAME = AppIcon;
				"CODE_SIGN_IDENTITY[sdk=iphoneos*]" = "iPhone Developer";
				CODE_SIGN_STYLE = Automatic;
				DEVELOPMENT_TEAM = 527NL55PT6;
				INFOPLIST_FILE = PitchPerfect/Info.plist;
				LD_RUNPATH_SEARCH_PATHS = "$(inherited) @executable_path/Frameworks";
				PRODUCT_BUNDLE_IDENTIFIER = com.roberth.pitchPerfect.PitchPerfect;
				PRODUCT_NAME = "$(TARGET_NAME)";
				PROVISIONING_PROFILE_SPECIFIER = "";
				SWIFT_VERSION = 4.0;
				TARGETED_DEVICE_FAMILY = "1,2";
			};
			name = Debug;
		};
		D2629547201AA5B400FCD10A /* Release */ = {
			isa = XCBuildConfiguration;
			buildSettings = {
				ASSETCATALOG_COMPILER_APPICON_NAME = AppIcon;
				"CODE_SIGN_IDENTITY[sdk=iphoneos*]" = "iPhone Developer";
				CODE_SIGN_STYLE = Automatic;
				DEVELOPMENT_TEAM = 527NL55PT6;
				INFOPLIST_FILE = PitchPerfect/Info.plist;
				LD_RUNPATH_SEARCH_PATHS = "$(inherited) @executable_path/Frameworks";
				PRODUCT_BUNDLE_IDENTIFIER = com.roberth.pitchPerfect.PitchPerfect;
				PRODUCT_NAME = "$(TARGET_NAME)";
				PROVISIONING_PROFILE_SPECIFIER = "";
				SWIFT_VERSION = 4.0;
				TARGETED_DEVICE_FAMILY = "1,2";
			};
			name = Release;
		};
/* End XCBuildConfiguration section */

/* Begin XCConfigurationList section */
		D262952E201AA5B400FCD10A /* Build configuration list for PBXProject "PitchPerfect" */ = {
			isa = XCConfigurationList;
			buildConfigurations = (
				D2629543201AA5B400FCD10A /* Debug */,
				D2629544201AA5B400FCD10A /* Release */,
			);
			defaultConfigurationIsVisible = 0;
			defaultConfigurationName = Release;
		};
		D2629545201AA5B400FCD10A /* Build configuration list for PBXNativeTarget "PitchPerfect" */ = {
			isa = XCConfigurationList;
			buildConfigurations = (
				D2629546201AA5B400FCD10A /* Debug */,
				D2629547201AA5B400FCD10A /* Release */,
			);
			defaultConfigurationIsVisible = 0;
			defaultConfigurationName = Release;
		};
/* End XCConfigurationList section */
	};
	rootObject = D262952B201AA5B400FCD10A /* Project object */;
}
